
Microsoft Visual Studio Solution File, Format Version 12.00
# Visual Studio Version 17
VisualStudioVersion = 17.10.34928.147
MinimumVisualStudioVersion = 10.0.40219.1
Project("{888888A0-9F3D-457C-B088-3A5042F75D52}") = "203 Duolingo Project", "203 Duolingo Project.pyproj", "{F6F7B033-AD96-4D66-B7C3-B3E8C9B62FC1}"
EndProject
Global
	GlobalSection(SolutionConfigurationPlatforms) = preSolution
		Debug|Any CPU = Debug|Any CPU
		Release|Any CPU = Release|Any CPU
	EndGlobalSection
	GlobalSection(ProjectConfigurationPlatforms) = postSolution
		{F6F7B033-AD96-4D66-B7C3-B3E8C9B62FC1}.Debug|Any CPU.ActiveCfg = Debug|Any CPU
		{F6F7B033-AD96-4D66-B7C3-B3E8C9B62FC1}.Debug|Any CPU.Build.0 = Debug|Any CPU
		{F6F7B033-AD96-4D66-B7C3-B3E8C9B62FC1}.Release|Any CPU.ActiveCfg = Release|Any CPU
		{F6F7B033-AD96-4D66-B7C3-B3E8C9B62FC1}.Release|Any CPU.Build.0 = Release|Any CPU
	EndGlobalSection
	GlobalSection(SolutionProperties) = preSolution
		HideSolutionNode = FALSE
	EndGlobalSection
	GlobalSection(ExtensibilityGlobals) = postSolution
		SolutionGuid = {D0EE9371-9AC7-4986-9D87-C12EAAFC54CE}
	EndGlobalSection
EndGlobal
