
Microsoft Visual Studio Solution File, Format Version 12.00
# Visual Studio Version 17
VisualStudioVersion = 17.9.34728.123
MinimumVisualStudioVersion = 10.0.40219.1
Project("{888888A0-9F3D-457C-B088-3A5042F75D52}") = "203 Duolingo Project", "203 Duolingo Project.pyproj", "{74018582-54AA-4DBF-ABDB-43EA987C33E9}"
EndProject
Global
	GlobalSection(SolutionConfigurationPlatforms) = preSolution
		Debug|Any CPU = Debug|Any CPU
		Release|Any CPU = Release|Any CPU
	EndGlobalSection
	GlobalSection(ProjectConfigurationPlatforms) = postSolution
		{74018582-54AA-4DBF-ABDB-43EA987C33E9}.Debug|Any CPU.ActiveCfg = Debug|Any CPU
		{74018582-54AA-4DBF-ABDB-43EA987C33E9}.Debug|Any CPU.Build.0 = Debug|Any CPU
		{74018582-54AA-4DBF-ABDB-43EA987C33E9}.Release|Any CPU.ActiveCfg = Release|Any CPU
		{74018582-54AA-4DBF-ABDB-43EA987C33E9}.Release|Any CPU.Build.0 = Release|Any CPU
	EndGlobalSection
	GlobalSection(SolutionProperties) = preSolution
		HideSolutionNode = FALSE
	EndGlobalSection
	GlobalSection(ExtensibilityGlobals) = postSolution
		SolutionGuid = {53C657BC-E0B0-4510-8B23-1C9517707A90}
	EndGlobalSection
EndGlobal
