
Microsoft Visual Studio Solution File, Format Version 12.00
# Visual Studio Version 17
VisualStudioVersion = 17.9.34728.123
MinimumVisualStudioVersion = 10.0.40219.1
Project("{888888A0-9F3D-457C-B088-3A5042F75D52}") = "203 Project", "203 Project\203 Project.pyproj", "{AA440CD7-D576-46A9-A6E4-FFB3C5E1883B}"
EndProject
Global
	GlobalSection(SolutionConfigurationPlatforms) = preSolution
		Debug|Any CPU = Debug|Any CPU
		Release|Any CPU = Release|Any CPU
	EndGlobalSection
	GlobalSection(ProjectConfigurationPlatforms) = postSolution
		{AA440CD7-D576-46A9-A6E4-FFB3C5E1883B}.Debug|Any CPU.ActiveCfg = Debug|Any CPU
		{AA440CD7-D576-46A9-A6E4-FFB3C5E1883B}.Debug|Any CPU.Build.0 = Debug|Any CPU
		{AA440CD7-D576-46A9-A6E4-FFB3C5E1883B}.Release|Any CPU.ActiveCfg = Release|Any CPU
		{AA440CD7-D576-46A9-A6E4-FFB3C5E1883B}.Release|Any CPU.Build.0 = Release|Any CPU
	EndGlobalSection
	GlobalSection(SolutionProperties) = preSolution
		HideSolutionNode = FALSE
	EndGlobalSection
	GlobalSection(ExtensibilityGlobals) = postSolution
		SolutionGuid = {3882699D-B92B-4C60-8465-A35855E3EA75}
	EndGlobalSection
EndGlobal
